{
  "nodes": {
    "darwin": {
      "inputs": {
        "nixpkgs": [
          "nixpkgs"
        ]
      },
      "locked": {
        "lastModified": 1705452289,
        "narHash": "sha256-i/WodLabBcmRr9hdSv5jzDigL1hRYuI8vNh+xTbGt+g=",
        "owner": "lnl7",
        "repo": "nix-darwin",
        "rev": "74ab0227ee495e526f2dd57ea684b34f6396445a",
        "type": "github"
      },
      "original": {
        "owner": "lnl7",
        "repo": "nix-darwin",
        "type": "github"
      }
    },
    "home-manager": {
      "inputs": {
        "nixpkgs": [
          "nixpkgs"
        ]
      },
      "locked": {
        "lastModified": 1705660020,
        "narHash": "sha256-1tOuNh+UbiZlaC8RrpQzzypgnLBC67eRlBunfkE4sbQ=",
        "owner": "nix-community",
        "repo": "home-manager",
        "rev": "2064348e555b6aa963da6372a8f14e6acb80a176",
        "type": "github"
      },
      "original": {
        "owner": "nix-community",
        "ref": "master",
        "repo": "home-manager",
        "type": "github"
      }
    },
    "nixpkgs": {
      "locked": {
        "lastModified": 1705496572,
        "narHash": "sha256-rPIe9G5EBLXdBdn9ilGc0nq082lzQd0xGGe092R/5QE=",
        "owner": "NixOS",
        "repo": "nixpkgs",
        "rev": "842d9d80cfd4560648c785f8a4e6f3b096790e19",
        "type": "github"
      },
      "original": {
        "owner": "NixOS",
        "ref": "nixos-unstable",
        "repo": "nixpkgs",
        "type": "github"
      }
    },
    "nixpkgs-stable": {
      "locked": {
        "lastModified": 1705458851,
        "narHash": "sha256-uQvEhiv33Zj/Pv364dTvnpPwFSptRZgVedDzoM+HqVg=",
        "owner": "NixOS",
        "repo": "nixpkgs",
        "rev": "8bf65f17d8070a0a490daf5f1c784b87ee73982c",
        "type": "github"
      },
      "original": {
        "owner": "NixOS",
        "ref": "nixos-23.11",
        "repo": "nixpkgs",
        "type": "github"
      }
    },
    "root": {
      "inputs": {
        "darwin": "darwin",
        "home-manager": "home-manager",
        "nixpkgs": "nixpkgs",
        "nixpkgs-stable": "nixpkgs-stable"
      }
    }
  },
  "root": "root",
  "version": 7
}
